
Microsoft Visual Studio Solution File, Format Version 12.00
# Visual Studio Version 17
VisualStudioVersion = 17.11.35327.3
MinimumVisualStudioVersion = 10.0.40219.1
Project("{FAE04EC0-301F-11D3-BF4B-00C04F79EFBC}") = "EcoRecyclersGreenTech", "EcoRecyclersGreenTech\EcoRecyclersGreenTech.csproj", "{694EB219-1C38-427F-92C1-9EFA5F52830F}"
EndProject
Global
	GlobalSection(SolutionConfigurationPlatforms) = preSolution
		Debug|Any CPU = Debug|Any CPU
		Release|Any CPU = Release|Any CPU
	EndGlobalSection
	GlobalSection(ProjectConfigurationPlatforms) = postSolution
		{694EB219-1C38-427F-92C1-9EFA5F52830F}.Debug|Any CPU.ActiveCfg = Debug|Any CPU
		{694EB219-1C38-427F-92C1-9EFA5F52830F}.Debug|Any CPU.Build.0 = Debug|Any CPU
		{694EB219-1C38-427F-92C1-9EFA5F52830F}.Release|Any CPU.ActiveCfg = Release|Any CPU
		{694EB219-1C38-427F-92C1-9EFA5F52830F}.Release|Any CPU.Build.0 = Release|Any CPU
	EndGlobalSection
	GlobalSection(SolutionProperties) = preSolution
		HideSolutionNode = FALSE
	EndGlobalSection
	GlobalSection(ExtensibilityGlobals) = postSolution
		SolutionGuid = {A7370CD2-3D70-443F-A656-C0C858DA44E5}
	EndGlobalSection
EndGlobal
